
Microsoft Visual Studio Solution File, Format Version 12.00
# Visual Studio Version 17
VisualStudioVersion = 17.0.31903.59
MinimumVisualStudioVersion = 10.0.40219.1
Project("{2150E333-8FDC-42A3-9474-1A3956D46DE8}") = "src", "src", "{B86EAF9F-B701-405F-AD4D-4CDFF41D226B}"
EndProject
Project("{FAE04EC0-301F-11D3-BF4B-00C04F79EFBC}") = "Sync", "src\Sync\Sync.csproj", "{0F7E5957-6B25-4EBE-A25A-E418F125FB8B}"
EndProject
Project("{2150E333-8FDC-42A3-9474-1A3956D46DE8}") = "tests", "tests", "{CF62B3E7-510D-4E30-B25D-AC63E4D3ECDB}"
EndProject
Project("{FAE04EC0-301F-11D3-BF4B-00C04F79EFBC}") = "Sync.Tests", "tests\Sync.Tests\Sync.Tests.csproj", "{5C52FC84-EA37-4924-8386-42FD46FE436C}"
EndProject
Global
	GlobalSection(SolutionConfigurationPlatforms) = preSolution
		Debug|Any CPU = Debug|Any CPU
		Release|Any CPU = Release|Any CPU
	EndGlobalSection
	GlobalSection(SolutionProperties) = preSolution
		HideSolutionNode = FALSE
	EndGlobalSection
	GlobalSection(ProjectConfigurationPlatforms) = postSolution
		{0F7E5957-6B25-4EBE-A25A-E418F125FB8B}.Debug|Any CPU.ActiveCfg = Debug|Any CPU
		{0F7E5957-6B25-4EBE-A25A-E418F125FB8B}.Debug|Any CPU.Build.0 = Debug|Any CPU
		{0F7E5957-6B25-4EBE-A25A-E418F125FB8B}.Release|Any CPU.ActiveCfg = Release|Any CPU
		{0F7E5957-6B25-4EBE-A25A-E418F125FB8B}.Release|Any CPU.Build.0 = Release|Any CPU
		{5C52FC84-EA37-4924-8386-42FD46FE436C}.Debug|Any CPU.ActiveCfg = Debug|Any CPU
		{5C52FC84-EA37-4924-8386-42FD46FE436C}.Debug|Any CPU.Build.0 = Debug|Any CPU
		{5C52FC84-EA37-4924-8386-42FD46FE436C}.Release|Any CPU.ActiveCfg = Release|Any CPU
		{5C52FC84-EA37-4924-8386-42FD46FE436C}.Release|Any CPU.Build.0 = Release|Any CPU
	EndGlobalSection
	GlobalSection(NestedProjects) = preSolution
		{0F7E5957-6B25-4EBE-A25A-E418F125FB8B} = {B86EAF9F-B701-405F-AD4D-4CDFF41D226B}
		{5C52FC84-EA37-4924-8386-42FD46FE436C} = {CF62B3E7-510D-4E30-B25D-AC63E4D3ECDB}
	EndGlobalSection
EndGlobal
